
Microsoft Visual Studio Solution File, Format Version 12.00
# Visual Studio Version 17
VisualStudioVersion = 17.7.34031.279
MinimumVisualStudioVersion = 10.0.40219.1
Project("{FAE04EC0-301F-11D3-BF4B-00C04F79EFBC}") = "SalesWebMvc01", "SalesWebMvc01\SalesWebMvc01.csproj", "{C33A8CA4-62F6-4486-866B-A8776E9ECDAB}"
EndProject
Global
	GlobalSection(SolutionConfigurationPlatforms) = preSolution
		Debug|Any CPU = Debug|Any CPU
		Release|Any CPU = Release|Any CPU
	EndGlobalSection
	GlobalSection(ProjectConfigurationPlatforms) = postSolution
		{C33A8CA4-62F6-4486-866B-A8776E9ECDAB}.Debug|Any CPU.ActiveCfg = Debug|Any CPU
		{C33A8CA4-62F6-4486-866B-A8776E9ECDAB}.Debug|Any CPU.Build.0 = Debug|Any CPU
		{C33A8CA4-62F6-4486-866B-A8776E9ECDAB}.Release|Any CPU.ActiveCfg = Release|Any CPU
		{C33A8CA4-62F6-4486-866B-A8776E9ECDAB}.Release|Any CPU.Build.0 = Release|Any CPU
	EndGlobalSection
	GlobalSection(SolutionProperties) = preSolution
		HideSolutionNode = FALSE
	EndGlobalSection
	GlobalSection(ExtensibilityGlobals) = postSolution
		SolutionGuid = {BE81AE0B-52E3-4B1E-85EB-A119B3E6D7FE}
	EndGlobalSection
EndGlobal
